
Microsoft Visual Studio Solution File, Format Version 12.00
# Visual Studio Version 17
VisualStudioVersion = 17.6.33723.286
MinimumVisualStudioVersion = 10.0.40219.1
Project("{FAE04EC0-301F-11D3-BF4B-00C04F79EFBC}") = "DBCTool", "DBCTool\DBCTool.csproj", "{CC358E7C-4BE5-4CF0-90CC-4A1C81FAD69E}"
EndProject
Global
	GlobalSection(SolutionConfigurationPlatforms) = preSolution
		Debug|Any CPU = Debug|Any CPU
		Release|Any CPU = Release|Any CPU
	EndGlobalSection
	GlobalSection(ProjectConfigurationPlatforms) = postSolution
		{CC358E7C-4BE5-4CF0-90CC-4A1C81FAD69E}.Debug|Any CPU.ActiveCfg = Debug|Any CPU
		{CC358E7C-4BE5-4CF0-90CC-4A1C81FAD69E}.Debug|Any CPU.Build.0 = Debug|Any CPU
		{CC358E7C-4BE5-4CF0-90CC-4A1C81FAD69E}.Release|Any CPU.ActiveCfg = Release|Any CPU
		{CC358E7C-4BE5-4CF0-90CC-4A1C81FAD69E}.Release|Any CPU.Build.0 = Release|Any CPU
	EndGlobalSection
	GlobalSection(SolutionProperties) = preSolution
		HideSolutionNode = FALSE
	EndGlobalSection
	GlobalSection(ExtensibilityGlobals) = postSolution
		SolutionGuid = {8AA1784B-8512-4DAA-AD7A-DD9B09103E2E}
	EndGlobalSection
EndGlobal
